
Microsoft Visual Studio Solution File, Format Version 12.00
# Visual Studio Version 17
VisualStudioVersion = 17.9.34622.214
MinimumVisualStudioVersion = 10.0.40219.1
Project("{FAE04EC0-301F-11D3-BF4B-00C04F79EFBC}") = "Sorting Algorithms Visualizer", "Sorting Algorithms Visualizer\Sorting Algorithms Visualizer.csproj", "{CF3AAC1D-1D73-4392-80AE-10EE821CD670}"
EndProject
Global
	GlobalSection(SolutionConfigurationPlatforms) = preSolution
		Debug|Any CPU = Debug|Any CPU
		Release|Any CPU = Release|Any CPU
	EndGlobalSection
	GlobalSection(ProjectConfigurationPlatforms) = postSolution
		{CF3AAC1D-1D73-4392-80AE-10EE821CD670}.Debug|Any CPU.ActiveCfg = Debug|Any CPU
		{CF3AAC1D-1D73-4392-80AE-10EE821CD670}.Debug|Any CPU.Build.0 = Debug|Any CPU
		{CF3AAC1D-1D73-4392-80AE-10EE821CD670}.Release|Any CPU.ActiveCfg = Release|Any CPU
		{CF3AAC1D-1D73-4392-80AE-10EE821CD670}.Release|Any CPU.Build.0 = Release|Any CPU
	EndGlobalSection
	GlobalSection(SolutionProperties) = preSolution
		HideSolutionNode = FALSE
	EndGlobalSection
	GlobalSection(ExtensibilityGlobals) = postSolution
		SolutionGuid = {EF04EBA3-6642-4885-B9C6-7A3979DD7538}
	EndGlobalSection
EndGlobal
